
Microsoft Visual Studio Solution File, Format Version 12.00
# Visual Studio Version 17
VisualStudioVersion = 17.2.32616.157
MinimumVisualStudioVersion = 10.0.40219.1
Project("{FAE04EC0-301F-11D3-BF4B-00C04F79EFBC}") = "dotnet-core-gateway", "dotnet-core-gateway\dotnet-core-gateway.csproj", "{127E0817-831D-4326-9292-C92BF8738FC4}"
EndProject
Global
	GlobalSection(SolutionConfigurationPlatforms) = preSolution
		Debug|Any CPU = Debug|Any CPU
		Release|Any CPU = Release|Any CPU
	EndGlobalSection
	GlobalSection(ProjectConfigurationPlatforms) = postSolution
		{127E0817-831D-4326-9292-C92BF8738FC4}.Debug|Any CPU.ActiveCfg = Debug|Any CPU
		{127E0817-831D-4326-9292-C92BF8738FC4}.Debug|Any CPU.Build.0 = Debug|Any CPU
		{127E0817-831D-4326-9292-C92BF8738FC4}.Release|Any CPU.ActiveCfg = Release|Any CPU
		{127E0817-831D-4326-9292-C92BF8738FC4}.Release|Any CPU.Build.0 = Release|Any CPU
	EndGlobalSection
	GlobalSection(SolutionProperties) = preSolution
		HideSolutionNode = FALSE
	EndGlobalSection
	GlobalSection(ExtensibilityGlobals) = postSolution
		SolutionGuid = {990EF308-7502-44A4-904B-09BEAB8F06B1}
	EndGlobalSection
EndGlobal
